
Microsoft Visual Studio Solution File, Format Version 12.00
# Visual Studio Version 16
VisualStudioVersion = 16.0.34902.97
MinimumVisualStudioVersion = 10.0.40219.1
Project("{FAE04EC0-301F-11D3-BF4B-00C04F79EFBC}") = "RIPPER 4.0", "RIPPER 4.0\RIPPER 4.0.csproj", "{DE6D1F1A-D504-4476-863C-D404FA46E858}"
EndProject
Global
	GlobalSection(SolutionConfigurationPlatforms) = preSolution
		Debug|Any CPU = Debug|Any CPU
		Release|Any CPU = Release|Any CPU
	EndGlobalSection
	GlobalSection(ProjectConfigurationPlatforms) = postSolution
		{DE6D1F1A-D504-4476-863C-D404FA46E858}.Debug|Any CPU.ActiveCfg = Debug|Any CPU
		{DE6D1F1A-D504-4476-863C-D404FA46E858}.Debug|Any CPU.Build.0 = Debug|Any CPU
		{DE6D1F1A-D504-4476-863C-D404FA46E858}.Release|Any CPU.ActiveCfg = Release|Any CPU
		{DE6D1F1A-D504-4476-863C-D404FA46E858}.Release|Any CPU.Build.0 = Release|Any CPU
	EndGlobalSection
	GlobalSection(SolutionProperties) = preSolution
		HideSolutionNode = FALSE
	EndGlobalSection
	GlobalSection(ExtensibilityGlobals) = postSolution
		SolutionGuid = {46C04B34-2839-4016-9945-6D99E2B8F232}
	EndGlobalSection
EndGlobal
